
Microsoft Visual Studio Solution File, Format Version 12.00
# Visual Studio Version 17
VisualStudioVersion = 17.13.35913.81 d17.13
MinimumVisualStudioVersion = 10.0.40219.1
Project("{FAE04EC0-301F-11D3-BF4B-00C04F79EFBC}") = "pr7", "pr7\pr7.csproj", "{2EEA38BF-C6B0-4303-8B3C-9CBAE3AC131A}"
EndProject
Global
	GlobalSection(SolutionConfigurationPlatforms) = preSolution
		Debug|Any CPU = Debug|Any CPU
		Release|Any CPU = Release|Any CPU
	EndGlobalSection
	GlobalSection(ProjectConfigurationPlatforms) = postSolution
		{2EEA38BF-C6B0-4303-8B3C-9CBAE3AC131A}.Debug|Any CPU.ActiveCfg = Debug|Any CPU
		{2EEA38BF-C6B0-4303-8B3C-9CBAE3AC131A}.Debug|Any CPU.Build.0 = Debug|Any CPU
		{2EEA38BF-C6B0-4303-8B3C-9CBAE3AC131A}.Release|Any CPU.ActiveCfg = Release|Any CPU
		{2EEA38BF-C6B0-4303-8B3C-9CBAE3AC131A}.Release|Any CPU.Build.0 = Release|Any CPU
	EndGlobalSection
	GlobalSection(SolutionProperties) = preSolution
		HideSolutionNode = FALSE
	EndGlobalSection
	GlobalSection(ExtensibilityGlobals) = postSolution
		SolutionGuid = {DC52B99E-749B-44F6-821E-8D56926A0F25}
	EndGlobalSection
EndGlobal
